<?xml version="1.0" encoding="utf-8"?>
<Project ToolsVersion="4.0" xmlns="http://schemas.microsoft.com/developer/msbuild/2003">
  <ItemGroup>
    <ClCompile Include="MainGame.cpp" />
    <ClCompile Include="stdafx.cpp" />
    <ClCompile Include="src\Tool\Init.cpp">
      <Filter>src\Tool</Filter>
    </ClCompile>
    <ClCompile Include="src\tilemap.cpp">
      <Filter>src\Tool\Tilemap</Filter>
    </ClCompile>
    <ClCompile Include="src\Tool\Bitfield.cpp">
      <Filter>src\Tool\Sprite</Filter>
    </ClCompile>
    <ClCompile Include="src\Tool\Sprite.cpp">
      <Filter>src\Tool\Sprite</Filter>
    </ClCompile>
  </ItemGroup>
  <ItemGroup>
    <ClInclude Include="stdafx.h" />
    <ClInclude Include="src\Tool\Init.h">
      <Filter>src\Tool</Filter>
    </ClInclude>
    <ClInclude Include="src\Tool\Vec.h">
      <Filter>src\Tool</Filter>
    </ClInclude>
    <ClInclude Include="src\tilemap.h">
      <Filter>src\Tool\Tilemap</Filter>
    </ClInclude>
    <ClInclude Include="src\Tool\Bitfield.h">
      <Filter>src\Tool\Sprite</Filter>
    </ClInclude>
    <ClInclude Include="src\Tool\Sprite.h">
      <Filter>src\Tool\Sprite</Filter>
    </ClInclude>
  </ItemGroup>
  <ItemGroup>
    <Filter Include="src">
      <UniqueIdentifier>{53d35ada-f8b0-4fda-af3a-6ea277e33db6}</UniqueIdentifier>
    </Filter>
    <Filter Include="src\Tool">
      <UniqueIdentifier>{e3d53646-6c11-42e3-9695-2cfc5132f2fd}</UniqueIdentifier>
    </Filter>
    <Filter Include="src\Tool\Sprite">
      <UniqueIdentifier>{4084240b-d38d-4eb4-b2c7-cf5fadc56844}</UniqueIdentifier>
    </Filter>
    <Filter Include="src\Tool\Tilemap">
      <UniqueIdentifier>{51176ea2-0f4b-433c-97fb-770808ae1e9f}</UniqueIdentifier>
    </Filter>
  </ItemGroup>
  <ItemGroup>
    <None Include="data\config\config.ini" />
  </ItemGroup>
</Project>